
Microsoft Visual Studio Solution File, Format Version 12.00
# Visual Studio Version 17
VisualStudioVersion = 17.4.33213.308
MinimumVisualStudioVersion = 10.0.40219.1
Project("{2150E333-8FDC-42A3-9474-1A3956D46DE8}") = "src", "src", "{DCAF06AE-A7AA-4AF3-8CE2-C1C38AABF513}"
EndProject
Project("{2150E333-8FDC-42A3-9474-1A3956D46DE8}") = "WebUI", "WebUI", "{8491BCA6-67DD-486C-9396-F3F46A18F841}"
EndProject
Project("{2150E333-8FDC-42A3-9474-1A3956D46DE8}") = "WebAPI", "WebAPI", "{F76C1F11-5AE6-4836-A119-D1F036D40960}"
EndProject
Project("{2150E333-8FDC-42A3-9474-1A3956D46DE8}") = "Domains", "Domains", "{EF60F0C8-B0B6-4460-A4FB-44DD261D8636}"
EndProject
Project("{2150E333-8FDC-42A3-9474-1A3956D46DE8}") = "Application", "Application", "{2EA43AFE-9862-4D94-9905-2487688661AF}"
EndProject
Project("{2150E333-8FDC-42A3-9474-1A3956D46DE8}") = "Infrastructure", "Infrastructure", "{C8392358-CC97-4014-87F4-258D46315CAA}"
EndProject
Project("{FAE04EC0-301F-11D3-BF4B-00C04F79EFBC}") = "VotingApp.MVC", "src\WebUI\VotingApp.MVC\VotingApp.MVC.csproj", "{E2DF100C-9222-4969-AC97-C2A0C8E2DB8A}"
EndProject
Project("{FAE04EC0-301F-11D3-BF4B-00C04F79EFBC}") = "VotingApp.API", "src\WebAPI\VotingApp.API\VotingApp.API.csproj", "{7D8960CE-3D29-475A-9F33-595CF099D342}"
EndProject
Project("{FAE04EC0-301F-11D3-BF4B-00C04F79EFBC}") = "VotingApp.Entities", "src\Domains\VotingApp.Entities\VotingApp.Entities.csproj", "{D05312D2-0E11-4F7E-A6A7-BD69347F27EF}"
EndProject
Project("{FAE04EC0-301F-11D3-BF4B-00C04F79EFBC}") = "VotingApp.Infrastructure", "src\Infrastructure\VotingApp.Infrastructure\VotingApp.Infrastructure.csproj", "{7AF30BB9-61FC-4EC3-9BDA-388FA1DCAAAD}"
EndProject
Project("{FAE04EC0-301F-11D3-BF4B-00C04F79EFBC}") = "VotingApp.Dto", "src\Application\VotingApp.Dto\VotingApp.Dto.csproj", "{8D28FF50-200C-40E6-AEBF-BB21CA608474}"
EndProject
Project("{FAE04EC0-301F-11D3-BF4B-00C04F79EFBC}") = "VotingApp.Services", "src\Application\VotingApp.Services\VotingApp.Services.csproj", "{70F18784-6C5A-44C5-AFC1-9531F952FF3A}"
EndProject
Global
	GlobalSection(SolutionConfigurationPlatforms) = preSolution
		Debug|Any CPU = Debug|Any CPU
		Release|Any CPU = Release|Any CPU
	EndGlobalSection
	GlobalSection(ProjectConfigurationPlatforms) = postSolution
		{E2DF100C-9222-4969-AC97-C2A0C8E2DB8A}.Debug|Any CPU.ActiveCfg = Debug|Any CPU
		{E2DF100C-9222-4969-AC97-C2A0C8E2DB8A}.Debug|Any CPU.Build.0 = Debug|Any CPU
		{E2DF100C-9222-4969-AC97-C2A0C8E2DB8A}.Release|Any CPU.ActiveCfg = Release|Any CPU
		{E2DF100C-9222-4969-AC97-C2A0C8E2DB8A}.Release|Any CPU.Build.0 = Release|Any CPU
		{7D8960CE-3D29-475A-9F33-595CF099D342}.Debug|Any CPU.ActiveCfg = Debug|Any CPU
		{7D8960CE-3D29-475A-9F33-595CF099D342}.Debug|Any CPU.Build.0 = Debug|Any CPU
		{7D8960CE-3D29-475A-9F33-595CF099D342}.Release|Any CPU.ActiveCfg = Release|Any CPU
		{7D8960CE-3D29-475A-9F33-595CF099D342}.Release|Any CPU.Build.0 = Release|Any CPU
		{D05312D2-0E11-4F7E-A6A7-BD69347F27EF}.Debug|Any CPU.ActiveCfg = Debug|Any CPU
		{D05312D2-0E11-4F7E-A6A7-BD69347F27EF}.Debug|Any CPU.Build.0 = Debug|Any CPU
		{D05312D2-0E11-4F7E-A6A7-BD69347F27EF}.Release|Any CPU.ActiveCfg = Release|Any CPU
		{D05312D2-0E11-4F7E-A6A7-BD69347F27EF}.Release|Any CPU.Build.0 = Release|Any CPU
		{7AF30BB9-61FC-4EC3-9BDA-388FA1DCAAAD}.Debug|Any CPU.ActiveCfg = Debug|Any CPU
		{7AF30BB9-61FC-4EC3-9BDA-388FA1DCAAAD}.Debug|Any CPU.Build.0 = Debug|Any CPU
		{7AF30BB9-61FC-4EC3-9BDA-388FA1DCAAAD}.Release|Any CPU.ActiveCfg = Release|Any CPU
		{7AF30BB9-61FC-4EC3-9BDA-388FA1DCAAAD}.Release|Any CPU.Build.0 = Release|Any CPU
		{8D28FF50-200C-40E6-AEBF-BB21CA608474}.Debug|Any CPU.ActiveCfg = Debug|Any CPU
		{8D28FF50-200C-40E6-AEBF-BB21CA608474}.Debug|Any CPU.Build.0 = Debug|Any CPU
		{8D28FF50-200C-40E6-AEBF-BB21CA608474}.Release|Any CPU.ActiveCfg = Release|Any CPU
		{8D28FF50-200C-40E6-AEBF-BB21CA608474}.Release|Any CPU.Build.0 = Release|Any CPU
		{70F18784-6C5A-44C5-AFC1-9531F952FF3A}.Debug|Any CPU.ActiveCfg = Debug|Any CPU
		{70F18784-6C5A-44C5-AFC1-9531F952FF3A}.Debug|Any CPU.Build.0 = Debug|Any CPU
		{70F18784-6C5A-44C5-AFC1-9531F952FF3A}.Release|Any CPU.ActiveCfg = Release|Any CPU
		{70F18784-6C5A-44C5-AFC1-9531F952FF3A}.Release|Any CPU.Build.0 = Release|Any CPU
	EndGlobalSection
	GlobalSection(SolutionProperties) = preSolution
		HideSolutionNode = FALSE
	EndGlobalSection
	GlobalSection(NestedProjects) = preSolution
		{8491BCA6-67DD-486C-9396-F3F46A18F841} = {DCAF06AE-A7AA-4AF3-8CE2-C1C38AABF513}
		{F76C1F11-5AE6-4836-A119-D1F036D40960} = {DCAF06AE-A7AA-4AF3-8CE2-C1C38AABF513}
		{EF60F0C8-B0B6-4460-A4FB-44DD261D8636} = {DCAF06AE-A7AA-4AF3-8CE2-C1C38AABF513}
		{2EA43AFE-9862-4D94-9905-2487688661AF} = {DCAF06AE-A7AA-4AF3-8CE2-C1C38AABF513}
		{C8392358-CC97-4014-87F4-258D46315CAA} = {DCAF06AE-A7AA-4AF3-8CE2-C1C38AABF513}
		{E2DF100C-9222-4969-AC97-C2A0C8E2DB8A} = {8491BCA6-67DD-486C-9396-F3F46A18F841}
		{7D8960CE-3D29-475A-9F33-595CF099D342} = {F76C1F11-5AE6-4836-A119-D1F036D40960}
		{D05312D2-0E11-4F7E-A6A7-BD69347F27EF} = {EF60F0C8-B0B6-4460-A4FB-44DD261D8636}
		{7AF30BB9-61FC-4EC3-9BDA-388FA1DCAAAD} = {C8392358-CC97-4014-87F4-258D46315CAA}
		{8D28FF50-200C-40E6-AEBF-BB21CA608474} = {2EA43AFE-9862-4D94-9905-2487688661AF}
		{70F18784-6C5A-44C5-AFC1-9531F952FF3A} = {2EA43AFE-9862-4D94-9905-2487688661AF}
	EndGlobalSection
	GlobalSection(ExtensibilityGlobals) = postSolution
		SolutionGuid = {C70E08FE-26E2-460C-82B6-CF505670CE79}
	EndGlobalSection
EndGlobal
